
Microsoft Visual Studio Solution File, Format Version 12.00
# Visual Studio Version 16
VisualStudioVersion = 16.0.32228.343
MinimumVisualStudioVersion = 10.0.40219.1
Project("{9A19103F-16F7-4668-BE54-9A1E7A4F7556}") = "StreamThing", "StreamThing\StreamThing.csproj", "{0454D061-7BAB-4A24-995C-6FC5DC90CC55}"
EndProject
Global
	GlobalSection(SolutionConfigurationPlatforms) = preSolution
		Debug|Any CPU = Debug|Any CPU
		Release|Any CPU = Release|Any CPU
	EndGlobalSection
	GlobalSection(ProjectConfigurationPlatforms) = postSolution
		{0454D061-7BAB-4A24-995C-6FC5DC90CC55}.Debug|Any CPU.ActiveCfg = Debug|Any CPU
		{0454D061-7BAB-4A24-995C-6FC5DC90CC55}.Debug|Any CPU.Build.0 = Debug|Any CPU
		{0454D061-7BAB-4A24-995C-6FC5DC90CC55}.Release|Any CPU.ActiveCfg = Release|Any CPU
		{0454D061-7BAB-4A24-995C-6FC5DC90CC55}.Release|Any CPU.Build.0 = Release|Any CPU
	EndGlobalSection
	GlobalSection(SolutionProperties) = preSolution
		HideSolutionNode = FALSE
	EndGlobalSection
	GlobalSection(ExtensibilityGlobals) = postSolution
		SolutionGuid = {9E38555C-20FC-4070-98E9-CA55DC22B0DA}
	EndGlobalSection
EndGlobal
